{
  "name": "rooster-app-final",
  "version": "0.1.4-draad197.security-fix.1734355200000",
  "lockfileVersion": 3,
  "requires": true,
  "packages": {
    "": {
      "name": "rooster-app-final",
      "version": "0.1.4-draad197.security-fix.1734355200000",
      "dependencies": {
        "@supabase/auth-helpers-nextjs": "^0.10.0",
        "@supabase/supabase-js": "^2.78.0",
        "date-fns": "^4.1.0",
        "date-fns-tz": "^3.2.0",
        "html2canvas": "^1.4.1",
        "jspdf": "^2.5.1",
        "jspdf-autotable": "^3.8.2",
        "lucide-react": "^0.548.0",
        "next": "^14.2.35",
        "react": "18.3.1",
        "react-dom": "18.3.1",
        "react-hot-toast": "^2.4.1",
        "xlsx": "^0.18.5",
        "zustand": "^5.0.8"
      },
      "devDependencies": {
        "@types/node": "^20",
        "@types/react": "^18",
        "@types/react-dom": "^18",
        "autoprefixer": "^10.4.19",
        "eslint": "^8.57.0",
        "eslint-config-next": "14.2.5",
        "postcss": "^8.4.40",
        "tailwindcss": "^3.4.1",
        "typescript": "^5"
      },
      "engines": {
        "node": ">=20.0.0",
        "npm": ">=10.0.0"
      }
    },
    "node_modules/@next/env": {
      "version": "14.2.35",
      "resolved": "https://registry.npmjs.org/@next/env/-/env-14.2.35.tgz",
      "integrity": "sha512-owfZh7TCJuCPmVHe4g7A3HpLPjNPAB8aE5I5MNL3ZpJ0pDvxrLLs6pVDJY7W8QfFXFSYn/RP1Q3HJq7zZaVVQ==",
      "license": "MIT"
    },
    "node_modules/next": {
      "version": "14.2.35",
      "resolved": "https://registry.npmjs.org/next/-/next-14.2.35.tgz",
      "integrity": "sha512-/Lm1KbYcUewn0WT1S8/N0qf3LvbM8RJc4kqI8NUaXFzGYuZB/bYGY28pydOl/VqBZCGlxLk8LQLZT4gw5HqDg==",
      "license": "MIT",
      "dependencies": {
        "@next/env": "14.2.35"
      },
      "engines": {
        "node": ">=18.17.0"
      },
      "peerDependencies": {
        "@opentelemetry/api": "^1.1.0",
        "react": "^18.3.0 || 19.0.0-rc-66855b96-20241201",
        "react-dom": "^18.3.0 || 19.0.0-rc-66855b96-20241201",
        "sass": "^1.3.0"
      },
      "peerDependenciesMeta": {
        "@opentelemetry/api": {
          "optional": true
        },
        "sass": {
          "optional": true
        }
      }
    },
    "node_modules/react": {
      "version": "18.3.1",
      "resolved": "https://registry.npmjs.org/react/-/react-18.3.1.tgz",
      "integrity": "sha512-wS+hAgJShR0KhO5QR5gFSrwkzxwstEo4V+sPfknH9pEqtcicVOcEShcY7BTuWPhaKhaompXyPkYkUUziY84qqQ==",
      "license": "MIT",
      "dependencies": {
        "loose-envify": "^1.1.0"
      },
      "engines": {
        "node": ">=0.10.0"
      }
    },
    "node_modules/react-dom": {
      "version": "18.3.1",
      "resolved": "https://registry.npmjs.org/react-dom/-/react-dom-18.3.1.tgz",
      "integrity": "sha512-5m4nQKp+rZRb09LNH59GM4BxTh9251/ylbKIbpe7TpGxfJ+9kv6BLkNTILoRtkv9uzVAoomfY0KKMaiJ1gH9pw==",
      "license": "MIT",
      "dependencies": {
        "loose-envify": "^1.1.0",
        "scheduler": "^0.23.2"
      },
      "peerDependencies": {
        "react": "^18.3.0"
      }
    },
    "node_modules/loose-envify": {
      "version": "1.4.0",
      "resolved": "https://registry.npmjs.org/loose-envify/-/loose-envify-1.4.0.tgz",
      "integrity": "sha512-lyuxPGr/wBqPntm3B9XPl0EVI8u0CvS8bMQnMHl5V/8FfKdnowfnBMWk2LEn3F6jVi6A3Fxr3K1cCoAzAJPRPA==",
      "license": "MIT",
      "bin": {
        "loose-envify": "cli.js"
      }
    },
    "node_modules/scheduler": {
      "version": "0.23.2",
      "resolved": "https://registry.npmjs.org/scheduler/-/scheduler-0.23.2.tgz",
      "integrity": "sha512-UOShYTstUHvuqEXRpy679L/KPtzTZtp8vqFpv/r8bEtqJ+Lzr5PpPkZHVTX8p1Uj3LH2zMBQmM7IkEUi7bCbhA==",
      "license": "MIT",
      "dependencies": {
        "loose-envify": "^1.1.0"
      }
    }
  }
}
