{
  "name": "rooster-app-final",
  "version": "0.1.3-stap3-complete",
  "lockfileVersion": 3,
  "requires": true,
  "packages": {
    "": {
      "name": "rooster-app-final",
      "version": "0.1.3-stap3-complete",
      "private": true,
      "engines": {
        "node": ">=20.0.0",
        "npm": ">=10.0.0"
      },
      "dependencies": {
        "@supabase/auth-helpers-nextjs": "^0.10.0",
        "@supabase/supabase-js": "^2.78.0",
        "canvg": "^2.0.0",
        "date-fns": "^4.1.0",
        "date-fns-tz": "^3.2.0",
        "html2canvas": "^1.4.1",
        "jspdf": "^2.5.1",
        "jspdf-autotable": "^3.8.2",
        "lucide-react": "^0.548.0",
        "next": "^14.2.35",
        "react": "18.3.1",
        "react-dom": "18.3.1",
        "react-hot-toast": "^2.4.1",
        "xlsx": "^0.18.5",
        "zustand": "^5.0.8"
      },
      "devDependencies": {
        "@types/node": "^20",
        "@types/react": "^18",
        "@types/react-dom": "^18",
        "autoprefixer": "^10.4.19",
        "eslint": "^8.57.0",
        "eslint-config-next": "14.2.35",
        "postcss": "^8.4.40",
        "tailwindcss": "^3.4.1",
        "typescript": "^5"
      }
    },
    "node_modules/@supabase/auth-helpers-nextjs": {
      "version": "0.10.0",
      "resolved": "https://registry.npmjs.org/@supabase/auth-helpers-nextjs/-/auth-helpers-nextjs-0.10.0.tgz",
      "integrity": "sha512-ZcxjGa0JQV/+WuLiZEMsCoXLlYw8ILAy//pqLrPWDCJ8RrgGHWltm8lQwJfxBSxVm+6u4FnPJNkdKiMNr/1D0==",
      "dependencies": {
        "@supabase/supabase-js": "^2.0.0"
      }
    },
    "node_modules/@supabase/supabase-js": {
      "version": "2.78.0",
      "resolved": "https://registry.npmjs.org/@supabase/supabase-js/-/supabase-js-2.78.0.tgz",
      "integrity": "sha512-b7jGGlXFhZBLvS8LnHWXY+iDOE8IdhM2i6EYm1zzJ3K3E7e8Q0AknOMR+MoW5b6GzxQgdU0b0qYt4F3jXcNfow=="
    },
    "node_modules/canvg": {
      "version": "2.0.0",
      "resolved": "https://registry.npmjs.org/canvg/-/canvg-2.0.0.tgz",
      "integrity": "sha512-v4ZF/Fe8drnAYfEJ7eAE9vvXDg5IfLPW+X8DtIIv5aPc5d/h1VrZM1d8VrH6wq9YHbKJEVMx3CvvzQPJq8eLg=="
    },
    "node_modules/date-fns": {
      "version": "4.1.0",
      "resolved": "https://registry.npmjs.org/date-fns/-/date-fns-4.1.0.tgz",
      "integrity": "sha512-Ukm5T5PTZOB4DgcDJPz9sPIe5HWZNjgLEGcnIBhzVGFbKZaS3+Y8rjYDf6RyLuVIlKP2UjZfx0K2dSxdzc6qw=="
    },
    "node_modules/date-fns-tz": {
      "version": "3.2.0",
      "resolved": "https://registry.npmjs.org/date-fns-tz/-/date-fns-tz-3.2.0.tgz",
      "integrity": "sha512-1aHGVe5c/YPW4s6h/KMhJxqMb4MgPHN16Tz/TE8P5CtPZFxUvz7C0YT/EJRfaLCbPFpvvBXCIXf3m3KqKWuXvQ==",
      "dependencies": {
        "date-fns": "^4.1.0"
      }
    },
    "node_modules/html2canvas": {
      "version": "1.4.1",
      "resolved": "https://registry.npmjs.org/html2canvas/-/html2canvas-1.4.1.tgz",
      "integrity": "sha512-fPJkODVeUtWd6RyN+PaodeXEZPrKZ/f/W6K3pJr9+DkHL0B1LoLdUIoIXHEzqK0wHtcKZhzXxEj8NTb8jlY0Eg=="
    },
    "node_modules/jspdf": {
      "version": "2.5.1",
      "resolved": "https://registry.npmjs.org/jspdf/-/jspdf-2.5.1.tgz",
      "integrity": "sha512-8dKX0Y5rYF/A5vRJMNBLZq0JnxE2YKZv8gZP1B0MdJXJ9Uw3zYIWN3hqPc0YqvF0nVU6gBNYtXWU3V5VJdqCnQ=="
    },
    "node_modules/jspdf-autotable": {
      "version": "3.8.2",
      "resolved": "https://registry.npmjs.org/jspdf-autotable/-/jspdf-autotable-3.8.2.tgz",
      "integrity": "sha512-hQ1cO6kP3vbUyJQQxGDPvlrw4q7pT/hl2WsrPuBlBHgRmhJgdXG0Qx2oDVUBqfG0Q1eJpHvgOqF7OyDLCFMNQ==",
      "dependencies": {
        "jspdf": "^2.5.0"
      }
    },
    "node_modules/lucide-react": {
      "version": "0.548.0",
      "resolved": "https://registry.npmjs.org/lucide-react/-/lucide-react-0.548.0.tgz",
      "integrity": "sha512-8FG8QR2g7pjfHi2Hb3n0WdMJvSJ4l4ySVxVpfkpAyJbxVJC8HNjlJPnsFkrPzShV3A+x9gCkH+2VqJz8EWJhQ==",
      "dependencies": {
        "react": "^18.0.0"
      }
    },
    "node_modules/next": {
      "version": "14.2.35",
      "resolved": "https://registry.npmjs.org/next/-/next-14.2.35.tgz",
      "integrity": "sha512-S/6FMqZ+d9xEKqB8uTH8gUJsUxz9oKkPl9vHKqfEDGCF+Yg6gOjBCRz5uE5tXYA8jmFMx8J8cKdvuJYAK0bpLXg==",
      "dependencies": {
        "react": "^18.2.0",
        "react-dom": "^18.2.0"
      }
    },
    "node_modules/react": {
      "version": "18.3.1",
      "resolved": "https://registry.npmjs.org/react/-/react-18.3.1.tgz",
      "integrity": "sha512-wS+hAgJShR0KhEvapLH5DJo0r4KwHow3xyYCS6OoDh7E6p0cpWEY100vccqJ+paG7hW8G28K46VESUP8kjg6vQ=="
    },
    "node_modules/react-dom": {
      "version": "18.3.1",
      "resolved": "https://registry.npmjs.org/react-dom/-/react-dom-18.3.1.tgz",
      "integrity": "sha512-Y2unG5EM+VsRQrr+vKJjgROoYeZfK9kmBszrkemEkwfc0xoxwFaRecJsKJ5eFDjHLJ+MSn0qecVc0dWL2sTRA==",
      "dependencies": {
        "react": "18.3.1"
      }
    },
    "node_modules/react-hot-toast": {
      "version": "2.4.1",
      "resolved": "https://registry.npmjs.org/react-hot-toast/-/react-hot-toast-2.4.1.tgz",
      "integrity": "sha512-jXcEYblfx5hKBQ/T+ZHJlhXpyBs9LDzAmMUUHcqy8KjT4bhmWh24QF7R5FnCPAKqkHKz9KxYlJhqeBJaHqEAYA=="
    },
    "node_modules/xlsx": {
      "version": "0.18.5",
      "resolved": "https://registry.npmjs.org/xlsx/-/xlsx-0.18.5.tgz",
      "integrity": "sha512-dmLP2aGnT2j1ApY56606bCfwAQwjWnw6MaIkF5J4VzjDfUnmXIIGfcPOdlW5LtNPv5bR3WZ2Ys4cXI3PvZYpqw=="
    },
    "node_modules/zustand": {
      "version": "5.0.8",
      "resolved": "https://registry.npmjs.org/zustand/-/zustand-5.0.8.tgz",
      "integrity": "sha512-Yd3aXLl0UGmT9LcO5dXJhkGxDTXVZOK8XqI3oHT/lWnEKH5Y4hSCo7xZ8FkJA6i2nHVrExqJRxvyxB4G5fCTnw=="
    }
  }
}
