{
  "name": "rooster-app-verloskunde",
  "version": "1.0.0",
  "lockfileVersion": 2,
  "requires": true,
  "packages": {
    "": {
      "name": "rooster-app-verloskunde",
      "version": "1.0.0",
      "devDependencies": {},
      "dependencies": {}
    }
  },
  "dependencies": {},
  "devDependencies": {}
}
